// !$*UTF8*$!
{
	archiveVersion = 1;
	classes = {
	};
	objectVersion = 46;
	objects = {

/* Begin PBXBuildFile section */
		3B303E421D37B40D0086A791 /* Charts.framework in Frameworks */ = {isa = PBXBuildFile; fileRef = 3B303E3B1D37B3ED0086A791 /* Charts.framework */; };
		3B303E431D37B40D0086A791 /* Charts.framework in Embed Frameworks */ = {isa = PBXBuildFile; fileRef = 3B303E3B1D37B3ED0086A791 /* Charts.framework */; settings = {ATTRIBUTES = (CodeSignOnCopy, RemoveHeadersOnCopy, ); }; };
		3B303E481D37B4880086A791 /* ChartViewController.swift in Sources */ = {isa = PBXBuildFile; fileRef = 3B303E471D37B4880086A791 /* ChartViewController.swift */; };
		BC6780DB1D2E3F5F006BBCAA /* AppDelegate.swift in Sources */ = {isa = PBXBuildFile; fileRef = BC6780DA1D2E3F5F006BBCAA /* AppDelegate.swift */; };
		BC6780DD1D2E3F5F006BBCAA /* ViewController.swift in Sources */ = {isa = PBXBuildFile; fileRef = BC6780DC1D2E3F5F006BBCAA /* ViewController.swift */; };
		BC6780E01D2E3F5F006BBCAA /* Main.storyboard in Resources */ = {isa = PBXBuildFile; fileRef = BC6780DE1D2E3F5F006BBCAA /* Main.storyboard */; };
		BC6780E31D2E3F5F006BBCAA /* ProjectDemo.xcdatamodeld in Sources */ = {isa = PBXBuildFile; fileRef = BC6780E11D2E3F5F006BBCAA /* ProjectDemo.xcdatamodeld */; };
		BC6780E51D2E3F5F006BBCAA /* Assets.xcassets in Resources */ = {isa = PBXBuildFile; fileRef = BC6780E41D2E3F5F006BBCAA /* Assets.xcassets */; };
		BC6780E81D2E3F5F006BBCAA /* LaunchScreen.storyboard in Resources */ = {isa = PBXBuildFile; fileRef = BC6780E61D2E3F5F006BBCAA /* LaunchScreen.storyboard */; };
/* End PBXBuildFile section */

/* Begin PBXContainerItemProxy section */
		3B303E3A1D37B3ED0086A791 /* PBXContainerItemProxy */ = {
			isa = PBXContainerItemProxy;
			containerPortal = 3B303E331D37B3ED0086A791 /* Charts.xcodeproj */;
			proxyType = 2;
			remoteGlobalIDString = 5BA8EC401A9D14DC00CE82E1;
			remoteInfo = "Charts-iOS";
		};
		3B303E3C1D37B3ED0086A791 /* PBXContainerItemProxy */ = {
			isa = PBXContainerItemProxy;
			containerPortal = 3B303E331D37B3ED0086A791 /* Charts.xcodeproj */;
			proxyType = 2;
			remoteGlobalIDString = A52C5C371BAC5CA400594CDD;
			remoteInfo = "Charts-TV";
		};
		3B303E3E1D37B3ED0086A791 /* PBXContainerItemProxy */ = {
			isa = PBXContainerItemProxy;
			containerPortal = 3B303E331D37B3ED0086A791 /* Charts.xcodeproj */;
			proxyType = 2;
			remoteGlobalIDString = 65B3F5BF1C7370BE000983D0;
			remoteInfo = "Charts-OSX";
		};
		3B303E401D37B3ED0086A791 /* PBXContainerItemProxy */ = {
			isa = PBXContainerItemProxy;
			containerPortal = 3B303E331D37B3ED0086A791 /* Charts.xcodeproj */;
			proxyType = 2;
			remoteGlobalIDString = 06AEE7A21BDC3F8B009875AE;
			remoteInfo = ChartsTests;
		};
		3B303E441D37B40D0086A791 /* PBXContainerItemProxy */ = {
			isa = PBXContainerItemProxy;
			containerPortal = 3B303E331D37B3ED0086A791 /* Charts.xcodeproj */;
			proxyType = 1;
			remoteGlobalIDString = 5BA8EC3F1A9D14DC00CE82E1;
			remoteInfo = "Charts-iOS";
		};
/* End PBXContainerItemProxy section */

/* Begin PBXCopyFilesBuildPhase section */
		3B303E461D37B40D0086A791 /* Embed Frameworks */ = {
			isa = PBXCopyFilesBuildPhase;
			buildActionMask = 2147483647;
			dstPath = "";
			dstSubfolderSpec = 10;
			files = (
				3B303E431D37B40D0086A791 /* Charts.framework in Embed Frameworks */,
			);
			name = "Embed Frameworks";
			runOnlyForDeploymentPostprocessing = 0;
		};
/* End PBXCopyFilesBuildPhase section */

/* Begin PBXFileReference section */
		3B303E331D37B3ED0086A791 /* Charts.xcodeproj */ = {isa = PBXFileReference; lastKnownFileType = "wrapper.pb-project"; name = Charts.xcodeproj; path = "../../Downloads/Charts-master/Charts/Charts.xcodeproj"; sourceTree = "<group>"; };
		3B303E471D37B4880086A791 /* ChartViewController.swift */ = {isa = PBXFileReference; fileEncoding = 4; lastKnownFileType = sourcecode.swift; path = ChartViewController.swift; sourceTree = "<group>"; };
		BC6780D71D2E3F5F006BBCAA /* ProjectDemo.app */ = {isa = PBXFileReference; explicitFileType = wrapper.application; includeInIndex = 0; path = ProjectDemo.app; sourceTree = BUILT_PRODUCTS_DIR; };
		BC6780DA1D2E3F5F006BBCAA /* AppDelegate.swift */ = {isa = PBXFileReference; lastKnownFileType = sourcecode.swift; path = AppDelegate.swift; sourceTree = "<group>"; };
		BC6780DC1D2E3F5F006BBCAA /* ViewController.swift */ = {isa = PBXFileReference; lastKnownFileType = sourcecode.swift; path = ViewController.swift; sourceTree = "<group>"; };
		BC6780DF1D2E3F5F006BBCAA /* Base */ = {isa = PBXFileReference; lastKnownFileType = file.storyboard; name = Base; path = Base.lproj/Main.storyboard; sourceTree = "<group>"; };
		BC6780E21D2E3F5F006BBCAA /* ProjectDemo.xcdatamodel */ = {isa = PBXFileReference; lastKnownFileType = wrapper.xcdatamodel; path = ProjectDemo.xcdatamodel; sourceTree = "<group>"; };
		BC6780E41D2E3F5F006BBCAA /* Assets.xcassets */ = {isa = PBXFileReference; lastKnownFileType = folder.assetcatalog; path = Assets.xcassets; sourceTree = "<group>"; };
		BC6780E71D2E3F5F006BBCAA /* Base */ = {isa = PBXFileReference; lastKnownFileType = file.storyboard; name = Base; path = Base.lproj/LaunchScreen.storyboard; sourceTree = "<group>"; };
		BC6780E91D2E3F5F006BBCAA /* Info.plist */ = {isa = PBXFileReference; lastKnownFileType = text.plist.xml; path = Info.plist; sourceTree = "<group>"; };
/* End PBXFileReference section */

/* Begin PBXFrameworksBuildPhase section */
		BC6780D41D2E3F5F006BBCAA /* Frameworks */ = {
			isa = PBXFrameworksBuildPhase;
			buildActionMask = 2147483647;
			files = (
				3B303E421D37B40D0086A791 /* Charts.framework in Frameworks */,
			);
			runOnlyForDeploymentPostprocessing = 0;
		};
/* End PBXFrameworksBuildPhase section */

/* Begin PBXGroup section */
		3B303E341D37B3ED0086A791 /* Products */ = {
			isa = PBXGroup;
			children = (
				3B303E3B1D37B3ED0086A791 /* Charts.framework */,
				3B303E3D1D37B3ED0086A791 /* Charts.framework */,
				3B303E3F1D37B3ED0086A791 /* Charts.framework */,
				3B303E411D37B3ED0086A791 /* ChartsTests.xctest */,
			);
			name = Products;
			sourceTree = "<group>";
		};
		BC6780CE1D2E3F5F006BBCAA = {
			isa = PBXGroup;
			children = (
				BC6780D91D2E3F5F006BBCAA /* ProjectDemo */,
				BC6780D81D2E3F5F006BBCAA /* Products */,
				3B303E331D37B3ED0086A791 /* Charts.xcodeproj */,
			);
			sourceTree = "<group>";
		};
		BC6780D81D2E3F5F006BBCAA /* Products */ = {
			isa = PBXGroup;
			children = (
				BC6780D71D2E3F5F006BBCAA /* ProjectDemo.app */,
			);
			name = Products;
			sourceTree = "<group>";
		};
		BC6780D91D2E3F5F006BBCAA /* ProjectDemo */ = {
			isa = PBXGroup;
			children = (
				BC6780DA1D2E3F5F006BBCAA /* AppDelegate.swift */,
				BC6780DC1D2E3F5F006BBCAA /* ViewController.swift */,
				3B303E471D37B4880086A791 /* ChartViewController.swift */,
				BC6780DE1D2E3F5F006BBCAA /* Main.storyboard */,
				BC6780EF1D2E3F84006BBCAA /* Supporting file */,
				BC6780E11D2E3F5F006BBCAA /* ProjectDemo.xcdatamodeld */,
			);
			path = ProjectDemo;
			sourceTree = "<group>";
		};
		BC6780EF1D2E3F84006BBCAA /* Supporting file */ = {
			isa = PBXGroup;
			children = (
				BC6780E41D2E3F5F006BBCAA /* Assets.xcassets */,
				BC6780E61D2E3F5F006BBCAA /* LaunchScreen.storyboard */,
				BC6780E91D2E3F5F006BBCAA /* Info.plist */,
			);
			name = "Supporting file";
			sourceTree = "<group>";
		};
/* End PBXGroup section */

/* Begin PBXNativeTarget section */
		BC6780D61D2E3F5F006BBCAA /* ProjectDemo */ = {
			isa = PBXNativeTarget;
			buildConfigurationList = BC6780EC1D2E3F5F006BBCAA /* Build configuration list for PBXNativeTarget "ProjectDemo" */;
			buildPhases = (
				BC6780D31D2E3F5F006BBCAA /* Sources */,
				BC6780D41D2E3F5F006BBCAA /* Frameworks */,
				BC6780D51D2E3F5F006BBCAA /* Resources */,
				3B303E461D37B40D0086A791 /* Embed Frameworks */,
			);
			buildRules = (
			);
			dependencies = (
				3B303E451D37B40D0086A791 /* PBXTargetDependency */,
			);
			name = ProjectDemo;
			productName = ProjectDemo;
			productReference = BC6780D71D2E3F5F006BBCAA /* ProjectDemo.app */;
			productType = "com.apple.product-type.application";
		};
/* End PBXNativeTarget section */

/* Begin PBXProject section */
		BC6780CF1D2E3F5F006BBCAA /* Project object */ = {
			isa = PBXProject;
			attributes = {
				LastSwiftUpdateCheck = 0730;
				LastUpgradeCheck = 0730;
				ORGANIZATIONNAME = Checkmate;
				TargetAttributes = {
					BC6780D61D2E3F5F006BBCAA = {
						CreatedOnToolsVersion = 7.3.1;
					};
				};
			};
			buildConfigurationList = BC6780D21D2E3F5F006BBCAA /* Build configuration list for PBXProject "ProjectDemo" */;
			compatibilityVersion = "Xcode 3.2";
			developmentRegion = English;
			hasScannedForEncodings = 0;
			knownRegions = (
				en,
				Base,
			);
			mainGroup = BC6780CE1D2E3F5F006BBCAA;
			productRefGroup = BC6780D81D2E3F5F006BBCAA /* Products */;
			projectDirPath = "";
			projectReferences = (
				{
					ProductGroup = 3B303E341D37B3ED0086A791 /* Products */;
					ProjectRef = 3B303E331D37B3ED0086A791 /* Charts.xcodeproj */;
				},
			);
			projectRoot = "";
			targets = (
				BC6780D61D2E3F5F006BBCAA /* ProjectDemo */,
			);
		};
/* End PBXProject section */

/* Begin PBXReferenceProxy section */
		3B303E3B1D37B3ED0086A791 /* Charts.framework */ = {
			isa = PBXReferenceProxy;
			fileType = wrapper.framework;
			path = Charts.framework;
			remoteRef = 3B303E3A1D37B3ED0086A791 /* PBXContainerItemProxy */;
			sourceTree = BUILT_PRODUCTS_DIR;
		};
		3B303E3D1D37B3ED0086A791 /* Charts.framework */ = {
			isa = PBXReferenceProxy;
			fileType = wrapper.framework;
			path = Charts.framework;
			remoteRef = 3B303E3C1D37B3ED0086A791 /* PBXContainerItemProxy */;
			sourceTree = BUILT_PRODUCTS_DIR;
		};
		3B303E3F1D37B3ED0086A791 /* Charts.framework */ = {
			isa = PBXReferenceProxy;
			fileType = wrapper.framework;
			path = Charts.framework;
			remoteRef = 3B303E3E1D37B3ED0086A791 /* PBXContainerItemProxy */;
			sourceTree = BUILT_PRODUCTS_DIR;
		};
		3B303E411D37B3ED0086A791 /* ChartsTests.xctest */ = {
			isa = PBXReferenceProxy;
			fileType = wrapper.cfbundle;
			path = ChartsTests.xctest;
			remoteRef = 3B303E401D37B3ED0086A791 /* PBXContainerItemProxy */;
			sourceTree = BUILT_PRODUCTS_DIR;
		};
/* End PBXReferenceProxy section */

/* Begin PBXResourcesBuildPhase section */
		BC6780D51D2E3F5F006BBCAA /* Resources */ = {
			isa = PBXResourcesBuildPhase;
			buildActionMask = 2147483647;
			files = (
				BC6780E81D2E3F5F006BBCAA /* LaunchScreen.storyboard in Resources */,
				BC6780E51D2E3F5F006BBCAA /* Assets.xcassets in Resources */,
				BC6780E01D2E3F5F006BBCAA /* Main.storyboard in Resources */,
			);
			runOnlyForDeploymentPostprocessing = 0;
		};
/* End PBXResourcesBuildPhase section */

/* Begin PBXSourcesBuildPhase section */
		BC6780D31D2E3F5F006BBCAA /* Sources */ = {
			isa = PBXSourcesBuildPhase;
			buildActionMask = 2147483647;
			files = (
				BC6780E31D2E3F5F006BBCAA /* ProjectDemo.xcdatamodeld in Sources */,
				3B303E481D37B4880086A791 /* ChartViewController.swift in Sources */,
				BC6780DD1D2E3F5F006BBCAA /* ViewController.swift in Sources */,
				BC6780DB1D2E3F5F006BBCAA /* AppDelegate.swift in Sources */,
			);
			runOnlyForDeploymentPostprocessing = 0;
		};
/* End PBXSourcesBuildPhase section */

/* Begin PBXTargetDependency section */
		3B303E451D37B40D0086A791 /* PBXTargetDependency */ = {
			isa = PBXTargetDependency;
			name = "Charts-iOS";
			targetProxy = 3B303E441D37B40D0086A791 /* PBXContainerItemProxy */;
		};
/* End PBXTargetDependency section */

/* Begin PBXVariantGroup section */
		BC6780DE1D2E3F5F006BBCAA /* Main.storyboard */ = {
			isa = PBXVariantGroup;
			children = (
				BC6780DF1D2E3F5F006BBCAA /* Base */,
			);
			name = Main.storyboard;
			sourceTree = "<group>";
		};
		BC6780E61D2E3F5F006BBCAA /* LaunchScreen.storyboard */ = {
			isa = PBXVariantGroup;
			children = (
				BC6780E71D2E3F5F006BBCAA /* Base */,
			);
			name = LaunchScreen.storyboard;
			sourceTree = "<group>";
		};
/* End PBXVariantGroup section */

/* Begin XCBuildConfiguration section */
		BC6780EA1D2E3F5F006BBCAA /* Debug */ = {
			isa = XCBuildConfiguration;
			buildSettings = {
				ALWAYS_SEARCH_USER_PATHS = NO;
				CLANG_ANALYZER_NONNULL = YES;
				CLANG_CXX_LANGUAGE_STANDARD = "gnu++0x";
				CLANG_CXX_LIBRARY = "libc++";
				CLANG_ENABLE_MODULES = YES;
				CLANG_ENABLE_OBJC_ARC = YES;
				CLANG_WARN_BOOL_CONVERSION = YES;
				CLANG_WARN_CONSTANT_CONVERSION = YES;
				CLANG_WARN_DIRECT_OBJC_ISA_USAGE = YES_ERROR;
				CLANG_WARN_EMPTY_BODY = YES;
				CLANG_WARN_ENUM_CONVERSION = YES;
				CLANG_WARN_INT_CONVERSION = YES;
				CLANG_WARN_OBJC_ROOT_CLASS = YES_ERROR;
				CLANG_WARN_UNREACHABLE_CODE = YES;
				CLANG_WARN__DUPLICATE_METHOD_MATCH = YES;
				"CODE_SIGN_IDENTITY[sdk=iphoneos*]" = "iPhone Developer";
				COPY_PHASE_STRIP = NO;
				DEBUG_INFORMATION_FORMAT = dwarf;
				ENABLE_STRICT_OBJC_MSGSEND = YES;
				ENABLE_TESTABILITY = YES;
				GCC_C_LANGUAGE_STANDARD = gnu99;
				GCC_DYNAMIC_NO_PIC = NO;
				GCC_NO_COMMON_BLOCKS = YES;
				GCC_OPTIMIZATION_LEVEL = 0;
				GCC_PREPROCESSOR_DEFINITIONS = (
					"DEBUG=1",
					"$(inherited)",
				);
				GCC_WARN_64_TO_32_BIT_CONVERSION = YES;
				GCC_WARN_ABOUT_RETURN_TYPE = YES_ERROR;
				GCC_WARN_UNDECLARED_SELECTOR = YES;
				GCC_WARN_UNINITIALIZED_AUTOS = YES_AGGRESSIVE;
				GCC_WARN_UNUSED_FUNCTION = YES;
				GCC_WARN_UNUSED_VARIABLE = YES;
				IPHONEOS_DEPLOYMENT_TARGET = 9.3;
				MTL_ENABLE_DEBUG_INFO = YES;
				ONLY_ACTIVE_ARCH = YES;
				SDKROOT = iphoneos;
				SWIFT_OPTIMIZATION_LEVEL = "-Onone";
			};
			name = Debug;
		};
		BC6780EB1D2E3F5F006BBCAA /* Release */ = {
			isa = XCBuildConfiguration;
			buildSettings = {
				ALWAYS_SEARCH_USER_PATHS = NO;
				CLANG_ANALYZER_NONNULL = YES;
				CLANG_CXX_LANGUAGE_STANDARD = "gnu++0x";
				CLANG_CXX_LIBRARY = "libc++";
				CLANG_ENABLE_MODULES = YES;
				CLANG_ENABLE_OBJC_ARC = YES;
				CLANG_WARN_BOOL_CONVERSION = YES;
				CLANG_WARN_CONSTANT_CONVERSION = YES;
				CLANG_WARN_DIRECT_OBJC_ISA_USAGE = YES_ERROR;
				CLANG_WARN_EMPTY_BODY = YES;
				CLANG_WARN_ENUM_CONVERSION = YES;
				CLANG_WARN_INT_CONVERSION = YES;
				CLANG_WARN_OBJC_ROOT_CLASS = YES_ERROR;
				CLANG_WARN_UNREACHABLE_CODE = YES;
				CLANG_WARN__DUPLICATE_METHOD_MATCH = YES;
				"CODE_SIGN_IDENTITY[sdk=iphoneos*]" = "iPhone Developer";
				COPY_PHASE_STRIP = NO;
				DEBUG_INFORMATION_FORMAT = "dwarf-with-dsym";
				ENABLE_NS_ASSERTIONS = NO;
				ENABLE_STRICT_OBJC_MSGSEND = YES;
				GCC_C_LANGUAGE_STANDARD = gnu99;
				GCC_NO_COMMON_BLOCKS = YES;
				GCC_WARN_64_TO_32_BIT_CONVERSION = YES;
				GCC_WARN_ABOUT_RETURN_TYPE = YES_ERROR;
				GCC_WARN_UNDECLARED_SELECTOR = YES;
				GCC_WARN_UNINITIALIZED_AUTOS = YES_AGGRESSIVE;
				GCC_WARN_UNUSED_FUNCTION = YES;
				GCC_WARN_UNUSED_VARIABLE = YES;
				IPHONEOS_DEPLOYMENT_TARGET = 9.3;
				MTL_ENABLE_DEBUG_INFO = NO;
				SDKROOT = iphoneos;
				VALIDATE_PRODUCT = YES;
			};
			name = Release;
		};
		BC6780ED1D2E3F5F006BBCAA /* Debug */ = {
			isa = XCBuildConfiguration;
			buildSettings = {
				ASSETCATALOG_COMPILER_APPICON_NAME = AppIcon;
				EMBEDDED_CONTENT_CONTAINS_SWIFT = YES;
				INFOPLIST_FILE = ProjectDemo/Info.plist;
				LD_RUNPATH_SEARCH_PATHS = "$(inherited) @executable_path/Frameworks";
				PRODUCT_BUNDLE_IDENTIFIER = tw.fju.ProjectDemo;
				PRODUCT_NAME = "$(TARGET_NAME)";
			};
			name = Debug;
		};
		BC6780EE1D2E3F5F006BBCAA /* Release */ = {
			isa = XCBuildConfiguration;
			buildSettings = {
				ASSETCATALOG_COMPILER_APPICON_NAME = AppIcon;
				EMBEDDED_CONTENT_CONTAINS_SWIFT = YES;
				INFOPLIST_FILE = ProjectDemo/Info.plist;
				LD_RUNPATH_SEARCH_PATHS = "$(inherited) @executable_path/Frameworks";
				PRODUCT_BUNDLE_IDENTIFIER = tw.fju.ProjectDemo;
				PRODUCT_NAME = "$(TARGET_NAME)";
			};
			name = Release;
		};
/* End XCBuildConfiguration section */

/* Begin XCConfigurationList section */
		BC6780D21D2E3F5F006BBCAA /* Build configuration list for PBXProject "ProjectDemo" */ = {
			isa = XCConfigurationList;
			buildConfigurations = (
				BC6780EA1D2E3F5F006BBCAA /* Debug */,
				BC6780EB1D2E3F5F006BBCAA /* Release */,
			);
			defaultConfigurationIsVisible = 0;
			defaultConfigurationName = Release;
		};
		BC6780EC1D2E3F5F006BBCAA /* Build configuration list for PBXNativeTarget "ProjectDemo" */ = {
			isa = XCConfigurationList;
			buildConfigurations = (
				BC6780ED1D2E3F5F006BBCAA /* Debug */,
				BC6780EE1D2E3F5F006BBCAA /* Release */,
			);
			defaultConfigurationIsVisible = 0;
			defaultConfigurationName = Release;
		};
/* End XCConfigurationList section */

/* Begin XCVersionGroup section */
		BC6780E11D2E3F5F006BBCAA /* ProjectDemo.xcdatamodeld */ = {
			isa = XCVersionGroup;
			children = (
				BC6780E21D2E3F5F006BBCAA /* ProjectDemo.xcdatamodel */,
			);
			currentVersion = BC6780E21D2E3F5F006BBCAA /* ProjectDemo.xcdatamodel */;
			path = ProjectDemo.xcdatamodeld;
			sourceTree = "<group>";
			versionGroupType = wrapper.xcdatamodel;
		};
/* End XCVersionGroup section */
	};
	rootObject = BC6780CF1D2E3F5F006BBCAA /* Project object */;
}
